
Microsoft Visual Studio Solution File, Format Version 12.00
# Visual Studio Version 17
VisualStudioVersion = 17.5.002.0
MinimumVisualStudioVersion = 10.0.40219.1
Project("{9A19103F-16F7-4668-BE54-9A1E7A4F7556}") = "example_Hello", "example_Hello.csproj", "{74ABE1DF-2DE6-4FA8-9579-C23B973D4071}"
EndProject
Global
	GlobalSection(SolutionConfigurationPlatforms) = preSolution
		Debug|Any CPU = Debug|Any CPU
		Release|Any CPU = Release|Any CPU
	EndGlobalSection
	GlobalSection(ProjectConfigurationPlatforms) = postSolution
		{74ABE1DF-2DE6-4FA8-9579-C23B973D4071}.Debug|Any CPU.ActiveCfg = Debug|Any CPU
		{74ABE1DF-2DE6-4FA8-9579-C23B973D4071}.Debug|Any CPU.Build.0 = Debug|Any CPU
		{74ABE1DF-2DE6-4FA8-9579-C23B973D4071}.Release|Any CPU.ActiveCfg = Release|Any CPU
		{74ABE1DF-2DE6-4FA8-9579-C23B973D4071}.Release|Any CPU.Build.0 = Release|Any CPU
	EndGlobalSection
	GlobalSection(SolutionProperties) = preSolution
		HideSolutionNode = FALSE
	EndGlobalSection
	GlobalSection(ExtensibilityGlobals) = postSolution
		SolutionGuid = {BB895AC1-473E-4829-8676-DDD17E4A8983}
	EndGlobalSection
EndGlobal
